
Microsoft Visual Studio Solution File, Format Version 12.00
# Visual Studio Version 17
VisualStudioVersion = 17.4.33213.308
MinimumVisualStudioVersion = 10.0.40219.1
Project("{9A19103F-16F7-4668-BE54-9A1E7A4F7556}") = "WebApplication3", "WebApplication3.csproj", "{91B079B7-0683-4646-9405-314986251953}"
EndProject
Project("{9A19103F-16F7-4668-BE54-9A1E7A4F7556}") = "PortalUI", "..\PortalUI\PortalUI.csproj", "{52EC3512-0AA4-4B93-ABBD-BFF8D86290F8}"
EndProject
Global
	GlobalSection(SolutionConfigurationPlatforms) = preSolution
		Debug|Any CPU = Debug|Any CPU
		Release|Any CPU = Release|Any CPU
	EndGlobalSection
	GlobalSection(ProjectConfigurationPlatforms) = postSolution
		{91B079B7-0683-4646-9405-314986251953}.Debug|Any CPU.ActiveCfg = Debug|Any CPU
		{91B079B7-0683-4646-9405-314986251953}.Debug|Any CPU.Build.0 = Debug|Any CPU
		{91B079B7-0683-4646-9405-314986251953}.Release|Any CPU.ActiveCfg = Release|Any CPU
		{91B079B7-0683-4646-9405-314986251953}.Release|Any CPU.Build.0 = Release|Any CPU
		{52EC3512-0AA4-4B93-ABBD-BFF8D86290F8}.Debug|Any CPU.ActiveCfg = Debug|Any CPU
		{52EC3512-0AA4-4B93-ABBD-BFF8D86290F8}.Debug|Any CPU.Build.0 = Debug|Any CPU
		{52EC3512-0AA4-4B93-ABBD-BFF8D86290F8}.Release|Any CPU.ActiveCfg = Release|Any CPU
		{52EC3512-0AA4-4B93-ABBD-BFF8D86290F8}.Release|Any CPU.Build.0 = Release|Any CPU
	EndGlobalSection
	GlobalSection(SolutionProperties) = preSolution
		HideSolutionNode = FALSE
	EndGlobalSection
	GlobalSection(ExtensibilityGlobals) = postSolution
		SolutionGuid = {A0CA75F0-DBF9-431B-8C18-E5810C81F4BE}
	EndGlobalSection
EndGlobal
